
Microsoft Visual Studio Solution File, Format Version 12.00
Project("{2150E333-8FDC-42A3-9474-1A3956D46DE8}") = "src", "src", "{68FCB22D-CB6C-4E55-BB1D-B979653FC37A}"
EndProject
Project("{2150E333-8FDC-42A3-9474-1A3956D46DE8}") = "tests", "tests", "{79845A5C-5C5C-492E-A2FE-85C87F27DA11}"
EndProject
Project("{FAE04EC0-301F-11D3-BF4B-00C04F79EFBC}") = "Domain", "src\Domain\Domain.csproj", "{0C9CE87D-2712-4EE6-8667-9C261D892E5B}"
EndProject
Project("{FAE04EC0-301F-11D3-BF4B-00C04F79EFBC}") = "Application", "src\Application\Application.csproj", "{AF6809C1-4B06-40CF-8CEF-354DE0D41C98}"
EndProject
Project("{2150E333-8FDC-42A3-9474-1A3956D46DE8}") = "Lab1", "Lab1", "{38D8253B-FC96-4861-9FD5-FA3A366B57C6}"
EndProject
Project("{2150E333-8FDC-42A3-9474-1A3956D46DE8}") = "Lab2", "Lab2", "{88F14139-1744-4BBC-852B-C9F749189CCB}"
EndProject
Project("{FAE04EC0-301F-11D3-BF4B-00C04F79EFBC}") = "Infrastructure", "src\Lab1\Infrastructure\Infrastructure.csproj", "{25626547-8F9C-4CDE-8C8E-3D394FD95F5D}"
EndProject
Project("{FAE04EC0-301F-11D3-BF4B-00C04F79EFBC}") = "Infrastructure", "src\Lab2\Infrastructure\Infrastructure.csproj", "{84676843-D7F9-4252-B84E-134E9CA33BA3}"
EndProject
Project("{FAE04EC0-301F-11D3-BF4B-00C04F79EFBC}") = "WebAPI", "src\Lab1\WebAPI\WebAPI.csproj", "{B179B250-EC39-4D45-A30B-9772B1B89983}"
EndProject
Project("{FAE04EC0-301F-11D3-BF4B-00C04F79EFBC}") = "WebAPI", "src\Lab2\WebAPI\WebAPI.csproj", "{905AB68E-7943-4F4F-B0FE-BD263E717981}"
EndProject
Global
	GlobalSection(SolutionConfigurationPlatforms) = preSolution
		Debug|Any CPU = Debug|Any CPU
		Release|Any CPU = Release|Any CPU
	EndGlobalSection
	GlobalSection(NestedProjects) = preSolution
		{0C9CE87D-2712-4EE6-8667-9C261D892E5B} = {68FCB22D-CB6C-4E55-BB1D-B979653FC37A}
		{AF6809C1-4B06-40CF-8CEF-354DE0D41C98} = {68FCB22D-CB6C-4E55-BB1D-B979653FC37A}
		{38D8253B-FC96-4861-9FD5-FA3A366B57C6} = {68FCB22D-CB6C-4E55-BB1D-B979653FC37A}
		{88F14139-1744-4BBC-852B-C9F749189CCB} = {68FCB22D-CB6C-4E55-BB1D-B979653FC37A}
		{25626547-8F9C-4CDE-8C8E-3D394FD95F5D} = {38D8253B-FC96-4861-9FD5-FA3A366B57C6}
		{84676843-D7F9-4252-B84E-134E9CA33BA3} = {88F14139-1744-4BBC-852B-C9F749189CCB}
		{B179B250-EC39-4D45-A30B-9772B1B89983} = {38D8253B-FC96-4861-9FD5-FA3A366B57C6}
		{905AB68E-7943-4F4F-B0FE-BD263E717981} = {88F14139-1744-4BBC-852B-C9F749189CCB}
	EndGlobalSection
	GlobalSection(ProjectConfigurationPlatforms) = postSolution
		{0C9CE87D-2712-4EE6-8667-9C261D892E5B}.Debug|Any CPU.ActiveCfg = Debug|Any CPU
		{0C9CE87D-2712-4EE6-8667-9C261D892E5B}.Debug|Any CPU.Build.0 = Debug|Any CPU
		{0C9CE87D-2712-4EE6-8667-9C261D892E5B}.Release|Any CPU.ActiveCfg = Release|Any CPU
		{0C9CE87D-2712-4EE6-8667-9C261D892E5B}.Release|Any CPU.Build.0 = Release|Any CPU
		{AF6809C1-4B06-40CF-8CEF-354DE0D41C98}.Debug|Any CPU.ActiveCfg = Debug|Any CPU
		{AF6809C1-4B06-40CF-8CEF-354DE0D41C98}.Debug|Any CPU.Build.0 = Debug|Any CPU
		{AF6809C1-4B06-40CF-8CEF-354DE0D41C98}.Release|Any CPU.ActiveCfg = Release|Any CPU
		{AF6809C1-4B06-40CF-8CEF-354DE0D41C98}.Release|Any CPU.Build.0 = Release|Any CPU
		{25626547-8F9C-4CDE-8C8E-3D394FD95F5D}.Debug|Any CPU.ActiveCfg = Debug|Any CPU
		{25626547-8F9C-4CDE-8C8E-3D394FD95F5D}.Debug|Any CPU.Build.0 = Debug|Any CPU
		{25626547-8F9C-4CDE-8C8E-3D394FD95F5D}.Release|Any CPU.ActiveCfg = Release|Any CPU
		{25626547-8F9C-4CDE-8C8E-3D394FD95F5D}.Release|Any CPU.Build.0 = Release|Any CPU
		{84676843-D7F9-4252-B84E-134E9CA33BA3}.Debug|Any CPU.ActiveCfg = Debug|Any CPU
		{84676843-D7F9-4252-B84E-134E9CA33BA3}.Debug|Any CPU.Build.0 = Debug|Any CPU
		{84676843-D7F9-4252-B84E-134E9CA33BA3}.Release|Any CPU.ActiveCfg = Release|Any CPU
		{84676843-D7F9-4252-B84E-134E9CA33BA3}.Release|Any CPU.Build.0 = Release|Any CPU
		{B179B250-EC39-4D45-A30B-9772B1B89983}.Debug|Any CPU.ActiveCfg = Debug|Any CPU
		{B179B250-EC39-4D45-A30B-9772B1B89983}.Debug|Any CPU.Build.0 = Debug|Any CPU
		{B179B250-EC39-4D45-A30B-9772B1B89983}.Release|Any CPU.ActiveCfg = Release|Any CPU
		{B179B250-EC39-4D45-A30B-9772B1B89983}.Release|Any CPU.Build.0 = Release|Any CPU
		{905AB68E-7943-4F4F-B0FE-BD263E717981}.Debug|Any CPU.ActiveCfg = Debug|Any CPU
		{905AB68E-7943-4F4F-B0FE-BD263E717981}.Debug|Any CPU.Build.0 = Debug|Any CPU
		{905AB68E-7943-4F4F-B0FE-BD263E717981}.Release|Any CPU.ActiveCfg = Release|Any CPU
		{905AB68E-7943-4F4F-B0FE-BD263E717981}.Release|Any CPU.Build.0 = Release|Any CPU
	EndGlobalSection
EndGlobal
